
Microsoft Visual Studio Solution File, Format Version 12.00
# Visual Studio Version 17
VisualStudioVersion = 17.4.33213.308
MinimumVisualStudioVersion = 10.0.40219.1
Project("{8BC9CEB8-8B4A-11D0-8D11-00A0C91BC942}") = "hw_04.04.2023_wallpaper", "hw_04.04.2023_wallpaper.vcxproj", "{A78F74CF-CE15-4F02-B468-4C636463908F}"
EndProject
Global
	GlobalSection(SolutionConfigurationPlatforms) = preSolution
		Debug|x64 = Debug|x64
		Debug|x86 = Debug|x86
		Release|x64 = Release|x64
		Release|x86 = Release|x86
	EndGlobalSection
	GlobalSection(ProjectConfigurationPlatforms) = postSolution
		{A78F74CF-CE15-4F02-B468-4C636463908F}.Debug|x64.ActiveCfg = Debug|x64
		{A78F74CF-CE15-4F02-B468-4C636463908F}.Debug|x64.Build.0 = Debug|x64
		{A78F74CF-CE15-4F02-B468-4C636463908F}.Debug|x86.ActiveCfg = Debug|Win32
		{A78F74CF-CE15-4F02-B468-4C636463908F}.Debug|x86.Build.0 = Debug|Win32
		{A78F74CF-CE15-4F02-B468-4C636463908F}.Release|x64.ActiveCfg = Release|x64
		{A78F74CF-CE15-4F02-B468-4C636463908F}.Release|x64.Build.0 = Release|x64
		{A78F74CF-CE15-4F02-B468-4C636463908F}.Release|x86.ActiveCfg = Release|Win32
		{A78F74CF-CE15-4F02-B468-4C636463908F}.Release|x86.Build.0 = Release|Win32
	EndGlobalSection
	GlobalSection(SolutionProperties) = preSolution
		HideSolutionNode = FALSE
	EndGlobalSection
	GlobalSection(ExtensibilityGlobals) = postSolution
		SolutionGuid = {A49970CA-500B-42AB-8624-B45E085DD7A2}
	EndGlobalSection
EndGlobal
